
Microsoft Visual Studio Solution File, Format Version 12.00
# Visual Studio 15
VisualStudioVersion = 15.0.26430.16
MinimumVisualStudioVersion = 10.0.40219.1
Project("{FAE04EC0-301F-11D3-BF4B-00C04F79EFBC}") = "Storm.GoogleAnalytics.Reporting", "src\Storm.GoogleAnalytics.Reporting\Storm.GoogleAnalytics.Reporting.csproj", "{3C96893C-A483-4070-9406-F3B9E7D37109}"
EndProject
Project("{FAE04EC0-301F-11D3-BF4B-00C04F79EFBC}") = "Storm.GoogleAnalyticsReporting.Tests", "Storm.GoogleAnalyticsReporting.Tests\Storm.GoogleAnalyticsReporting.Tests.csproj", "{D12587BF-EF8F-4671-A3B5-958043774CAE}"
EndProject
Global
	GlobalSection(SolutionConfigurationPlatforms) = preSolution
		Debug|Any CPU = Debug|Any CPU
		Release|Any CPU = Release|Any CPU
	EndGlobalSection
	GlobalSection(ProjectConfigurationPlatforms) = postSolution
		{3C96893C-A483-4070-9406-F3B9E7D37109}.Debug|Any CPU.ActiveCfg = Debug|Any CPU
		{3C96893C-A483-4070-9406-F3B9E7D37109}.Debug|Any CPU.Build.0 = Debug|Any CPU
		{3C96893C-A483-4070-9406-F3B9E7D37109}.Release|Any CPU.ActiveCfg = Release|Any CPU
		{3C96893C-A483-4070-9406-F3B9E7D37109}.Release|Any CPU.Build.0 = Release|Any CPU
		{D12587BF-EF8F-4671-A3B5-958043774CAE}.Debug|Any CPU.ActiveCfg = Debug|Any CPU
		{D12587BF-EF8F-4671-A3B5-958043774CAE}.Debug|Any CPU.Build.0 = Debug|Any CPU
		{D12587BF-EF8F-4671-A3B5-958043774CAE}.Release|Any CPU.ActiveCfg = Release|Any CPU
		{D12587BF-EF8F-4671-A3B5-958043774CAE}.Release|Any CPU.Build.0 = Release|Any CPU
	EndGlobalSection
	GlobalSection(SolutionProperties) = preSolution
		HideSolutionNode = FALSE
	EndGlobalSection
EndGlobal
