
Microsoft Visual Studio Solution File, Format Version 12.00
# Visual Studio 15
VisualStudioVersion = 15.0.28307.438
MinimumVisualStudioVersion = 10.0.40219.1
Project("{9A19103F-16F7-4668-BE54-9A1E7A4F7556}") = "Storm.GoogleAnalytics.Reporting", "src\Storm.GoogleAnalytics.Reporting\Storm.GoogleAnalytics.Reporting.csproj", "{3C96893C-A483-4070-9406-F3B9E7D37109}"
EndProject
Global
	GlobalSection(SolutionConfigurationPlatforms) = preSolution
		Debug|Any CPU = Debug|Any CPU
		Release|Any CPU = Release|Any CPU
	EndGlobalSection
	GlobalSection(ProjectConfigurationPlatforms) = postSolution
		{3C96893C-A483-4070-9406-F3B9E7D37109}.Debug|Any CPU.ActiveCfg = Debug|Any CPU
		{3C96893C-A483-4070-9406-F3B9E7D37109}.Debug|Any CPU.Build.0 = Debug|Any CPU
		{3C96893C-A483-4070-9406-F3B9E7D37109}.Release|Any CPU.ActiveCfg = Release|Any CPU
		{3C96893C-A483-4070-9406-F3B9E7D37109}.Release|Any CPU.Build.0 = Release|Any CPU
	EndGlobalSection
	GlobalSection(SolutionProperties) = preSolution
		HideSolutionNode = FALSE
	EndGlobalSection
	GlobalSection(ExtensibilityGlobals) = postSolution
		SolutionGuid = {914D64AE-9587-4D69-B160-16C5784B6162}
	EndGlobalSection
EndGlobal
